{
  "projects": [
    {
      "projectId": "hiB4DjyRHqRnuTjs3hSpg3",
      "version": "latest",
      "dependencies": {},
      "lang": "ts",
      "fileLocks": [
        {
          "type": "globalVariant",
          "assetId": "2IbRVinUUFLL1i",
          "checksum": "d3878ad4bf392b2e370a15f29eb2f721"
        },
        {
          "assetId": "hiB4DjyRHqRnuTjs3hSpg3",
          "type": "projectCss",
          "checksum": "b11d749a37a3668ea7da68e84042fd6f"
        },
        {
          "type": "renderModule",
          "assetId": "lw5RrOvvSze475",
          "checksum": "e2e9c5f098c3b61d6ce34eccebaf746e"
        },
        {
          "type": "cssRules",
          "assetId": "lw5RrOvvSze475",
          "checksum": "e2e9c5f098c3b61d6ce34eccebaf746e"
        },
        {
          "type": "renderModule",
          "assetId": "bPebpRL-4Thq2C",
          "checksum": "72e8dff25069f117dcb6801ea1f46c9d"
        },
        {
          "type": "cssRules",
          "assetId": "bPebpRL-4Thq2C",
          "checksum": "72e8dff25069f117dcb6801ea1f46c9d"
        },
        {
          "type": "renderModule",
          "assetId": "wmPxe-0hn60BPc",
          "checksum": "4e5b71e71612ee34b0e143a3f91c3e86"
        },
        {
          "type": "cssRules",
          "assetId": "wmPxe-0hn60BPc",
          "checksum": "4e5b71e71612ee34b0e143a3f91c3e86"
        },
        {
          "type": "renderModule",
          "assetId": "tq51gU2wX-A9Kh",
          "checksum": "f3bb03f274417500b95bea7a35ee54e6"
        },
        {
          "type": "cssRules",
          "assetId": "tq51gU2wX-A9Kh",
          "checksum": "f3bb03f274417500b95bea7a35ee54e6"
        },
        {
          "type": "renderModule",
          "assetId": "8hvn9gqPxUo9j8",
          "checksum": "9308c8d4a1e668b227e86469d6333051"
        },
        {
          "type": "cssRules",
          "assetId": "8hvn9gqPxUo9j8",
          "checksum": "9308c8d4a1e668b227e86469d6333051"
        },
        {
          "type": "renderModule",
          "assetId": "pJUg0QXd-cEaek",
          "checksum": "b186d5dab7f397169fd6d9d1ced8aab1"
        },
        {
          "type": "cssRules",
          "assetId": "pJUg0QXd-cEaek",
          "checksum": "b186d5dab7f397169fd6d9d1ced8aab1"
        },
        {
          "type": "renderModule",
          "assetId": "cYCuVU0zaeB6JO",
          "checksum": "ae20ba6d5b1969eca7563de996ef19eb"
        },
        {
          "type": "cssRules",
          "assetId": "cYCuVU0zaeB6JO",
          "checksum": "ae20ba6d5b1969eca7563de996ef19eb"
        },
        {
          "type": "renderModule",
          "assetId": "6Rbb_-9L9sQvDJ",
          "checksum": "ae91970ff04f58afa9fa61f40075a2cf"
        },
        {
          "type": "cssRules",
          "assetId": "6Rbb_-9L9sQvDJ",
          "checksum": "ae91970ff04f58afa9fa61f40075a2cf"
        },
        {
          "type": "renderModule",
          "assetId": "2too7_o7qNE7ni",
          "checksum": "afecb37dc21aebfdd0cfa0edb95ee3cc"
        },
        {
          "type": "cssRules",
          "assetId": "2too7_o7qNE7ni",
          "checksum": "afecb37dc21aebfdd0cfa0edb95ee3cc"
        },
        {
          "type": "renderModule",
          "assetId": "cejFGztHoZjfsJ",
          "checksum": "44be87a815e6880793f70f906a4703b8"
        },
        {
          "type": "cssRules",
          "assetId": "cejFGztHoZjfsJ",
          "checksum": "44be87a815e6880793f70f906a4703b8"
        },
        {
          "type": "renderModule",
          "assetId": "OTGuHHb8Vx0xuR",
          "checksum": "54a52ce00f0431116d078e0aa2575ec7"
        },
        {
          "type": "cssRules",
          "assetId": "OTGuHHb8Vx0xuR",
          "checksum": "54a52ce00f0431116d078e0aa2575ec7"
        },
        {
          "type": "renderModule",
          "assetId": "UD82BBxFAqbnZp",
          "checksum": "26e398d83e6021d456bf70b3a678f03c"
        },
        {
          "type": "cssRules",
          "assetId": "UD82BBxFAqbnZp",
          "checksum": "26e398d83e6021d456bf70b3a678f03c"
        },
        {
          "type": "renderModule",
          "assetId": "RustRhVB9YUpiY",
          "checksum": "f7175aff402454518e7eefd423aa02a6"
        },
        {
          "type": "cssRules",
          "assetId": "RustRhVB9YUpiY",
          "checksum": "f7175aff402454518e7eefd423aa02a6"
        },
        {
          "type": "renderModule",
          "assetId": "7bj-pEPEi9Jpua",
          "checksum": "b318c269165c6369aa926a2b64990a5a"
        },
        {
          "type": "cssRules",
          "assetId": "7bj-pEPEi9Jpua",
          "checksum": "b318c269165c6369aa926a2b64990a5a"
        },
        {
          "type": "icon",
          "assetId": "kcV-U-yG9ZD00R",
          "checksum": "a09c09813a3d72076e0810c8bea7c0e3"
        },
        {
          "type": "icon",
          "assetId": "xARclYTH092-dE",
          "checksum": "c10cbe758d2055b17b917aa19b139395"
        },
        {
          "type": "icon",
          "assetId": "Hp9jOdBB_9DsVe",
          "checksum": "b2a13e29b22adad98bee09c385c4595a"
        },
        {
          "type": "icon",
          "assetId": "J_WEH5txin1GC9",
          "checksum": "e74e39aa152cade04d3e0b155e8d9e91"
        },
        {
          "type": "icon",
          "assetId": "gkD4FG0PFBHYu5",
          "checksum": "72abf18d6c07e13e753eeccbc5038a8a"
        },
        {
          "type": "icon",
          "assetId": "lQPqLMbBvEcsQO",
          "checksum": "c5a58df541a15258da7d054bd7877d39"
        },
        {
          "type": "icon",
          "assetId": "RXQNf92VYhVrPh",
          "checksum": "ca5a6c9aae4f57f2f6e205331043ba64"
        },
        {
          "type": "icon",
          "assetId": "jbG4FR6OS0o8yE",
          "checksum": "fa6b49d27a831fb43ddd941fe72f31cf"
        },
        {
          "type": "icon",
          "assetId": "Njmrt00Y4fWj6q",
          "checksum": "032aec6bba6bbb81894854530bbbd962"
        },
        {
          "type": "icon",
          "assetId": "hJ5V28shGgSrop",
          "checksum": "f69f59fec8848338295174223c4a4b0c"
        },
        {
          "type": "icon",
          "assetId": "Qt34dC8IIGJSIq",
          "checksum": "65a8f32e58fb2cdb3c5f3831159c1f77"
        },
        {
          "type": "icon",
          "assetId": "QbhQgfdhfeuwt6",
          "checksum": "6746fcf3a1de98cb8c3a012942f3a1c3"
        },
        {
          "type": "icon",
          "assetId": "8SLVpF7NhxFk7x",
          "checksum": "49f3f79e1cb3661ab56cae603b63728d"
        },
        {
          "type": "icon",
          "assetId": "FfUfBsosBNg-UW",
          "checksum": "ac1067e824017eea8bb59dc4becd0d92"
        },
        {
          "type": "icon",
          "assetId": "cc5p4tNy-SuJ2f",
          "checksum": "cc4659f72f345ab0e5a5b618dd4d856e"
        },
        {
          "type": "icon",
          "assetId": "SUaP3sp9YamHTc",
          "checksum": "1a274c790788b44e8bd4e341eb415725"
        },
        {
          "type": "icon",
          "assetId": "tMMKBNMRH-DVtk",
          "checksum": "6e6faafa75db853287f74181d0f094c8"
        },
        {
          "type": "icon",
          "assetId": "sM52KpuTzteaz7",
          "checksum": "839f21ff075d0643ed2897d8c8042453"
        },
        {
          "type": "icon",
          "assetId": "ZJhdRk4KTuexf0",
          "checksum": "dfdb0645e0293e061425be6b863cc8de"
        },
        {
          "type": "icon",
          "assetId": "Dz6r5j1n8egGxq",
          "checksum": "4193c6b164292ebe53696eff5c15d2a7"
        },
        {
          "type": "icon",
          "assetId": "fMDvST1P2RKtcR",
          "checksum": "72e8a5805d3fecdd124fcf5d698d222f"
        },
        {
          "type": "icon",
          "assetId": "NGPtqng7lHomXQ",
          "checksum": "4248f3fe7848731e339568d8c0572c3e"
        },
        {
          "type": "icon",
          "assetId": "l3Xyb4BcW0iKGE",
          "checksum": "d1620c37703ae259879bc01d5fb6d692"
        },
        {
          "type": "icon",
          "assetId": "XLMsPuUff6UKJE",
          "checksum": "5b8e5b23446058e8501aa217117670de"
        },
        {
          "type": "icon",
          "assetId": "QUy0747msYNvsV",
          "checksum": "cb8bbdf5dc7b6c36eef89dacc6e510df"
        },
        {
          "type": "icon",
          "assetId": "JydVQ1xJX69OkM",
          "checksum": "05a9a5310a9418831f70db7c33c76917"
        },
        {
          "type": "icon",
          "assetId": "6wA34JiDVylPvf",
          "checksum": "8cb57b187bea6b9fc2c8c20b87d4a655"
        },
        {
          "type": "icon",
          "assetId": "_wkdmp09KrDY_4",
          "checksum": "bae9f5df5b2e757efc09b533182e8216"
        },
        {
          "type": "icon",
          "assetId": "l7dRe_z7glAoXa",
          "checksum": "5f6c0baccc7d7bd073a568c55bed04a8"
        },
        {
          "type": "icon",
          "assetId": "UAFi2tACzXe5Qc",
          "checksum": "6a883f6ade58296cd17b3c00ff5eb81c"
        },
        {
          "type": "icon",
          "assetId": "KMLSyoGFpSGGG2",
          "checksum": "f202178fb8ced426f6d5403da401f374"
        },
        {
          "type": "icon",
          "assetId": "k8Om6U65B3pQhm",
          "checksum": "40ac62a51fc872ee28f6c909f492013f"
        },
        {
          "type": "icon",
          "assetId": "bpwRMDAsIpGKdo",
          "checksum": "a045a6cf0dbefad7223ab7b0f4ab1761"
        },
        {
          "type": "icon",
          "assetId": "6NUUfIuLC9tCzp",
          "checksum": "aba6c57f7a8d04b026bf0a722b9d9d0d"
        },
        {
          "type": "image",
          "assetId": "bhvzbPtCbbeYxu",
          "checksum": "e15ef202a20cb696229517eb65075904"
        },
        {
          "type": "image",
          "assetId": "IZfbzmSmLP36_k",
          "checksum": "efb421b7b49e116d78708eb88e48cb46"
        },
        {
          "type": "image",
          "assetId": "xmM9oiqJzoLtmT",
          "checksum": "ab7af36c52d04b1566bd609cd3db2b21"
        },
        {
          "type": "image",
          "assetId": "-Z6aFiDkmH1OZY",
          "checksum": "527acce667804dd25621ba122e689fc2"
        }
      ]
    }
  ],
  "cliVersion": "0.1.152"
}
